
Microsoft Visual Studio Solution File, Format Version 12.00
# Visual Studio Version 17
VisualStudioVersion = 17.5.002.0
MinimumVisualStudioVersion = 10.0.40219.1
Project("{9A19103F-16F7-4668-BE54-9A1E7A4F7556}") = "main", "main.csproj", "{2FA27A3C-05AE-407C-9458-F686957DD407}"
EndProject
Global
	GlobalSection(SolutionConfigurationPlatforms) = preSolution
		Debug|Any CPU = Debug|Any CPU
		Release|Any CPU = Release|Any CPU
	EndGlobalSection
	GlobalSection(ProjectConfigurationPlatforms) = postSolution
		{2FA27A3C-05AE-407C-9458-F686957DD407}.Debug|Any CPU.ActiveCfg = Debug|Any CPU
		{2FA27A3C-05AE-407C-9458-F686957DD407}.Debug|Any CPU.Build.0 = Debug|Any CPU
		{2FA27A3C-05AE-407C-9458-F686957DD407}.Release|Any CPU.ActiveCfg = Release|Any CPU
		{2FA27A3C-05AE-407C-9458-F686957DD407}.Release|Any CPU.Build.0 = Release|Any CPU
	EndGlobalSection
	GlobalSection(SolutionProperties) = preSolution
		HideSolutionNode = FALSE
	EndGlobalSection
	GlobalSection(ExtensibilityGlobals) = postSolution
		SolutionGuid = {B3AD0FC9-10EF-4234-AB58-1A7AB82EAF6C}
	EndGlobalSection
EndGlobal
